
Microsoft Visual Studio Solution File, Format Version 12.00
# Visual Studio Version 16
VisualStudioVersion = 16.0.31624.102
MinimumVisualStudioVersion = 10.0.40219.1
Project("{FAE04EC0-301F-11D3-BF4B-00C04F79EFBC}") = "KinectIR", "KinectIR.csproj", "{582C5884-CA94-4B0E-88B4-2748B2345509}"
EndProject
Global
	GlobalSection(SolutionConfigurationPlatforms) = preSolution
		Debug|Any CPU = Debug|Any CPU
		Release|Any CPU = Release|Any CPU
	EndGlobalSection
	GlobalSection(ProjectConfigurationPlatforms) = postSolution
		{582C5884-CA94-4B0E-88B4-2748B2345509}.Debug|Any CPU.ActiveCfg = Debug|Any CPU
		{582C5884-CA94-4B0E-88B4-2748B2345509}.Debug|Any CPU.Build.0 = Debug|Any CPU
		{582C5884-CA94-4B0E-88B4-2748B2345509}.Release|Any CPU.ActiveCfg = Release|Any CPU
		{582C5884-CA94-4B0E-88B4-2748B2345509}.Release|Any CPU.Build.0 = Release|Any CPU
	EndGlobalSection
	GlobalSection(SolutionProperties) = preSolution
		HideSolutionNode = FALSE
	EndGlobalSection
	GlobalSection(ExtensibilityGlobals) = postSolution
		SolutionGuid = {4E4F0BAE-FB81-4D85-90F1-9BB9D9B7D9E9}
	EndGlobalSection
EndGlobal
